
Microsoft Visual Studio Solution File, Format Version 12.00
# Visual Studio 2012
Project("{FAE04EC0-301F-11D3-BF4B-00C04F79EFBC}") = "QuanLyQuanAnNhanh", "QuanLyQuanAnNhanh\QuanLyQuanAnNhanh.csproj", "{74C87088-C373-4E27-BFAF-297361519C7D}"
EndProject
Global
	GlobalSection(SolutionConfigurationPlatforms) = preSolution
		Debug|Any CPU = Debug|Any CPU
		Release|Any CPU = Release|Any CPU
	EndGlobalSection
	GlobalSection(ProjectConfigurationPlatforms) = postSolution
		{74C87088-C373-4E27-BFAF-297361519C7D}.Debug|Any CPU.ActiveCfg = Debug|Any CPU
		{74C87088-C373-4E27-BFAF-297361519C7D}.Debug|Any CPU.Build.0 = Debug|Any CPU
		{74C87088-C373-4E27-BFAF-297361519C7D}.Release|Any CPU.ActiveCfg = Release|Any CPU
		{74C87088-C373-4E27-BFAF-297361519C7D}.Release|Any CPU.Build.0 = Release|Any CPU
	EndGlobalSection
	GlobalSection(SolutionProperties) = preSolution
		HideSolutionNode = FALSE
	EndGlobalSection
EndGlobal
